// !$*UTF8*$!
{
	archiveVersion = 1;
	classes = {
	};
	objectVersion = 51;
	objects = {

/* Begin PBXBuildFile section */
		AAE8886726814549005062BF /* Podfile in Resources */ = {isa = PBXBuildFile; fileRef = AAE8886626814549005062BF /* Podfile */; };
		C35D3C2925C3684200A4651C /* AppDelegate.swift in Sources */ = {isa = PBXBuildFile; fileRef = C35D3C2825C3684200A4651C /* AppDelegate.swift */; };
		C35D3C2B25C3684200A4651C /* SceneDelegate.swift in Sources */ = {isa = PBXBuildFile; fileRef = C35D3C2A25C3684200A4651C /* SceneDelegate.swift */; };
		C35D3C2D25C3684200A4651C /* ViewController.swift in Sources */ = {isa = PBXBuildFile; fileRef = C35D3C2C25C3684200A4651C /* ViewController.swift */; };
		C35D3C3025C3684200A4651C /* Main.storyboard in Resources */ = {isa = PBXBuildFile; fileRef = C35D3C2E25C3684200A4651C /* Main.storyboard */; };
		C35D3C3225C3684300A4651C /* Assets.xcassets in Resources */ = {isa = PBXBuildFile; fileRef = C35D3C3125C3684300A4651C /* Assets.xcassets */; };
		C35D3C3525C3684300A4651C /* LaunchScreen.storyboard in Resources */ = {isa = PBXBuildFile; fileRef = C35D3C3325C3684300A4651C /* LaunchScreen.storyboard */; };
		C38721A425D6CBE500826AB2 /* APIClient.swift in Sources */ = {isa = PBXBuildFile; fileRef = C38721A325D6CBE500826AB2 /* APIClient.swift */; };
		C38721A725D6D5FF00826AB2 /* Entities.swift in Sources */ = {isa = PBXBuildFile; fileRef = C38721A625D6D5FF00826AB2 /* Entities.swift */; };
		D91FC0F4E5E35F6A38306B0E /* HelperEntities.swift in Sources */ = {isa = PBXBuildFile; fileRef = D91FC687A33F334BD0A966C2 /* HelperEntities.swift */; };
		E3723270636336C5CEF9D8EB /* Pods_BackTest.framework in Frameworks */ = {isa = PBXBuildFile; fileRef = 3B5028F256214F2AB04AE5F9 /* Pods_BackTest.framework */; };
/* End PBXBuildFile section */

/* Begin PBXFileReference section */
		2C59E76F0CACEF1FA64C58BF /* Pods-BackTest.debug.xcconfig */ = {isa = PBXFileReference; includeInIndex = 1; lastKnownFileType = text.xcconfig; name = "Pods-BackTest.debug.xcconfig"; path = "Target Support Files/Pods-BackTest/Pods-BackTest.debug.xcconfig"; sourceTree = "<group>"; };
		3B5028F256214F2AB04AE5F9 /* Pods_BackTest.framework */ = {isa = PBXFileReference; explicitFileType = wrapper.framework; includeInIndex = 0; path = Pods_BackTest.framework; sourceTree = BUILT_PRODUCTS_DIR; };
		7AB4D3577BFE4D3B7D786194 /* Pods-BackTest.release.xcconfig */ = {isa = PBXFileReference; includeInIndex = 1; lastKnownFileType = text.xcconfig; name = "Pods-BackTest.release.xcconfig"; path = "Target Support Files/Pods-BackTest/Pods-BackTest.release.xcconfig"; sourceTree = "<group>"; };
		AAE8886626814549005062BF /* Podfile */ = {isa = PBXFileReference; fileEncoding = 4; lastKnownFileType = text; path = Podfile; sourceTree = "<group>"; };
		C35D3C2525C3684200A4651C /* BackTest.app */ = {isa = PBXFileReference; explicitFileType = wrapper.application; includeInIndex = 0; path = BackTest.app; sourceTree = BUILT_PRODUCTS_DIR; };
		C35D3C2825C3684200A4651C /* AppDelegate.swift */ = {isa = PBXFileReference; lastKnownFileType = sourcecode.swift; path = AppDelegate.swift; sourceTree = "<group>"; };
		C35D3C2A25C3684200A4651C /* SceneDelegate.swift */ = {isa = PBXFileReference; lastKnownFileType = sourcecode.swift; path = SceneDelegate.swift; sourceTree = "<group>"; };
		C35D3C2C25C3684200A4651C /* ViewController.swift */ = {isa = PBXFileReference; lastKnownFileType = sourcecode.swift; path = ViewController.swift; sourceTree = "<group>"; };
		C35D3C2F25C3684200A4651C /* Base */ = {isa = PBXFileReference; lastKnownFileType = file.storyboard; name = Base; path = Base.lproj/Main.storyboard; sourceTree = "<group>"; };
		C35D3C3125C3684300A4651C /* Assets.xcassets */ = {isa = PBXFileReference; lastKnownFileType = folder.assetcatalog; path = Assets.xcassets; sourceTree = "<group>"; };
		C35D3C3425C3684300A4651C /* Base */ = {isa = PBXFileReference; lastKnownFileType = file.storyboard; name = Base; path = Base.lproj/LaunchScreen.storyboard; sourceTree = "<group>"; };
		C35D3C3625C3684300A4651C /* Info.plist */ = {isa = PBXFileReference; lastKnownFileType = text.plist.xml; path = Info.plist; sourceTree = "<group>"; };
		C38721A325D6CBE500826AB2 /* APIClient.swift */ = {isa = PBXFileReference; lastKnownFileType = sourcecode.swift; path = APIClient.swift; sourceTree = "<group>"; };
		C38721A625D6D5FF00826AB2 /* Entities.swift */ = {isa = PBXFileReference; lastKnownFileType = sourcecode.swift; path = Entities.swift; sourceTree = "<group>"; };
		D91FC687A33F334BD0A966C2 /* HelperEntities.swift */ = {isa = PBXFileReference; fileEncoding = 4; lastKnownFileType = sourcecode.swift; path = HelperEntities.swift; sourceTree = "<group>"; };
/* End PBXFileReference section */

/* Begin PBXFrameworksBuildPhase section */
		C35D3C2225C3684200A4651C /* Frameworks */ = {
			isa = PBXFrameworksBuildPhase;
			buildActionMask = 2147483647;
			files = (
				E3723270636336C5CEF9D8EB /* Pods_BackTest.framework in Frameworks */,
			);
			runOnlyForDeploymentPostprocessing = 0;
		};
/* End PBXFrameworksBuildPhase section */

/* Begin PBXGroup section */
		C35D3C1C25C3684200A4651C = {
			isa = PBXGroup;
			children = (
				AAE8886626814549005062BF /* Podfile */,
				C35D3C2725C3684200A4651C /* BackTest */,
				C35D3C2625C3684200A4651C /* Products */,
				F2E10988AA25759CDA57E8A8 /* Pods */,
				D9DB7F10A2207EB23F120448 /* Frameworks */,
			);
			sourceTree = "<group>";
		};
		C35D3C2625C3684200A4651C /* Products */ = {
			isa = PBXGroup;
			children = (
				C35D3C2525C3684200A4651C /* BackTest.app */,
			);
			name = Products;
			sourceTree = "<group>";
		};
		C35D3C2725C3684200A4651C /* BackTest */ = {
			isa = PBXGroup;
			children = (
				C35D3C2825C3684200A4651C /* AppDelegate.swift */,
				C35D3C2A25C3684200A4651C /* SceneDelegate.swift */,
				C35D3C2C25C3684200A4651C /* ViewController.swift */,
				C35D3C2E25C3684200A4651C /* Main.storyboard */,
				C35D3C3125C3684300A4651C /* Assets.xcassets */,
				C35D3C3325C3684300A4651C /* LaunchScreen.storyboard */,
				C35D3C3625C3684300A4651C /* Info.plist */,
				C38721A325D6CBE500826AB2 /* APIClient.swift */,
				C38721A625D6D5FF00826AB2 /* Entities.swift */,
				D91FC687A33F334BD0A966C2 /* HelperEntities.swift */,
			);
			path = BackTest;
			sourceTree = "<group>";
		};
		D9DB7F10A2207EB23F120448 /* Frameworks */ = {
			isa = PBXGroup;
			children = (
				3B5028F256214F2AB04AE5F9 /* Pods_BackTest.framework */,
			);
			name = Frameworks;
			sourceTree = "<group>";
		};
		F2E10988AA25759CDA57E8A8 /* Pods */ = {
			isa = PBXGroup;
			children = (
				2C59E76F0CACEF1FA64C58BF /* Pods-BackTest.debug.xcconfig */,
				7AB4D3577BFE4D3B7D786194 /* Pods-BackTest.release.xcconfig */,
			);
			path = Pods;
			sourceTree = "<group>";
		};
/* End PBXGroup section */

/* Begin PBXNativeTarget section */
		C35D3C2425C3684200A4651C /* BackTest */ = {
			isa = PBXNativeTarget;
			buildConfigurationList = C35D3C3925C3684300A4651C /* Build configuration list for PBXNativeTarget "BackTest" */;
			buildPhases = (
				35D4389EADD806AF2EDA2507 /* [CP] Check Pods Manifest.lock */,
				C35D3C2125C3684200A4651C /* Sources */,
				C35D3C2225C3684200A4651C /* Frameworks */,
				C35D3C2325C3684200A4651C /* Resources */,
				DA296CA0AC4A157ED2F9AB62 /* [CP] Embed Pods Frameworks */,
			);
			buildRules = (
			);
			dependencies = (
			);
			name = BackTest;
			productName = BackTest;
			productReference = C35D3C2525C3684200A4651C /* BackTest.app */;
			productType = "com.apple.product-type.application";
		};
/* End PBXNativeTarget section */

/* Begin PBXProject section */
		C35D3C1D25C3684200A4651C /* Project object */ = {
			isa = PBXProject;
			attributes = {
				LastSwiftUpdateCheck = 1230;
				LastUpgradeCheck = 1230;
				TargetAttributes = {
					C35D3C2425C3684200A4651C = {
						CreatedOnToolsVersion = 12.3;
					};
				};
			};
			buildConfigurationList = C35D3C2025C3684200A4651C /* Build configuration list for PBXProject "BackTest" */;
			compatibilityVersion = "Xcode 9.3";
			developmentRegion = en;
			hasScannedForEncodings = 0;
			knownRegions = (
				en,
				Base,
			);
			mainGroup = C35D3C1C25C3684200A4651C;
			productRefGroup = C35D3C2625C3684200A4651C /* Products */;
			projectDirPath = "";
			projectRoot = "";
			targets = (
				C35D3C2425C3684200A4651C /* BackTest */,
			);
		};
/* End PBXProject section */

/* Begin PBXResourcesBuildPhase section */
		C35D3C2325C3684200A4651C /* Resources */ = {
			isa = PBXResourcesBuildPhase;
			buildActionMask = 2147483647;
			files = (
				C35D3C3525C3684300A4651C /* LaunchScreen.storyboard in Resources */,
				C35D3C3225C3684300A4651C /* Assets.xcassets in Resources */,
				AAE8886726814549005062BF /* Podfile in Resources */,
				C35D3C3025C3684200A4651C /* Main.storyboard in Resources */,
			);
			runOnlyForDeploymentPostprocessing = 0;
		};
/* End PBXResourcesBuildPhase section */

/* Begin PBXShellScriptBuildPhase section */
		35D4389EADD806AF2EDA2507 /* [CP] Check Pods Manifest.lock */ = {
			isa = PBXShellScriptBuildPhase;
			buildActionMask = 2147483647;
			files = (
			);
			inputFileListPaths = (
			);
			inputPaths = (
				"${PODS_PODFILE_DIR_PATH}/Podfile.lock",
				"${PODS_ROOT}/Manifest.lock",
			);
			name = "[CP] Check Pods Manifest.lock";
			outputFileListPaths = (
			);
			outputPaths = (
				"$(DERIVED_FILE_DIR)/Pods-BackTest-checkManifestLockResult.txt",
			);
			runOnlyForDeploymentPostprocessing = 0;
			shellPath = /bin/sh;
			shellScript = "diff \"${PODS_PODFILE_DIR_PATH}/Podfile.lock\" \"${PODS_ROOT}/Manifest.lock\" > /dev/null\nif [ $? != 0 ] ; then\n    # print error to STDERR\n    echo \"error: The sandbox is not in sync with the Podfile.lock. Run 'pod install' or update your CocoaPods installation.\" >&2\n    exit 1\nfi\n# This output is used by Xcode 'outputs' to avoid re-running this script phase.\necho \"SUCCESS\" > \"${SCRIPT_OUTPUT_FILE_0}\"\n";
			showEnvVarsInLog = 0;
		};
		DA296CA0AC4A157ED2F9AB62 /* [CP] Embed Pods Frameworks */ = {
			isa = PBXShellScriptBuildPhase;
			buildActionMask = 2147483647;
			files = (
			);
			inputFileListPaths = (
				"${PODS_ROOT}/Target Support Files/Pods-BackTest/Pods-BackTest-frameworks-${CONFIGURATION}-input-files.xcfilelist",
			);
			name = "[CP] Embed Pods Frameworks";
			outputFileListPaths = (
				"${PODS_ROOT}/Target Support Files/Pods-BackTest/Pods-BackTest-frameworks-${CONFIGURATION}-output-files.xcfilelist",
			);
			runOnlyForDeploymentPostprocessing = 0;
			shellPath = /bin/sh;
			shellScript = "\"${PODS_ROOT}/Target Support Files/Pods-BackTest/Pods-BackTest-frameworks.sh\"\n";
			showEnvVarsInLog = 0;
		};
/* End PBXShellScriptBuildPhase section */

/* Begin PBXSourcesBuildPhase section */
		C35D3C2125C3684200A4651C /* Sources */ = {
			isa = PBXSourcesBuildPhase;
			buildActionMask = 2147483647;
			files = (
				C35D3C2D25C3684200A4651C /* ViewController.swift in Sources */,
				C35D3C2925C3684200A4651C /* AppDelegate.swift in Sources */,
				C38721A725D6D5FF00826AB2 /* Entities.swift in Sources */,
				C35D3C2B25C3684200A4651C /* SceneDelegate.swift in Sources */,
				C38721A425D6CBE500826AB2 /* APIClient.swift in Sources */,
				D91FC0F4E5E35F6A38306B0E /* HelperEntities.swift in Sources */,
			);
			runOnlyForDeploymentPostprocessing = 0;
		};
/* End PBXSourcesBuildPhase section */

/* Begin PBXVariantGroup section */
		C35D3C2E25C3684200A4651C /* Main.storyboard */ = {
			isa = PBXVariantGroup;
			children = (
				C35D3C2F25C3684200A4651C /* Base */,
			);
			name = Main.storyboard;
			sourceTree = "<group>";
		};
		C35D3C3325C3684300A4651C /* LaunchScreen.storyboard */ = {
			isa = PBXVariantGroup;
			children = (
				C35D3C3425C3684300A4651C /* Base */,
			);
			name = LaunchScreen.storyboard;
			sourceTree = "<group>";
		};
/* End PBXVariantGroup section */

/* Begin XCBuildConfiguration section */
		C35D3C3725C3684300A4651C /* Debug */ = {
			isa = XCBuildConfiguration;
			buildSettings = {
				ALWAYS_SEARCH_USER_PATHS = NO;
				CLANG_ANALYZER_NONNULL = YES;
				CLANG_ANALYZER_NUMBER_OBJECT_CONVERSION = YES_AGGRESSIVE;
				CLANG_CXX_LANGUAGE_STANDARD = "gnu++14";
				CLANG_CXX_LIBRARY = "libc++";
				CLANG_ENABLE_MODULES = YES;
				CLANG_ENABLE_OBJC_ARC = YES;
				CLANG_ENABLE_OBJC_WEAK = YES;
				CLANG_WARN_BLOCK_CAPTURE_AUTORELEASING = YES;
				CLANG_WARN_BOOL_CONVERSION = YES;
				CLANG_WARN_COMMA = YES;
				CLANG_WARN_CONSTANT_CONVERSION = YES;
				CLANG_WARN_DEPRECATED_OBJC_IMPLEMENTATIONS = YES;
				CLANG_WARN_DIRECT_OBJC_ISA_USAGE = YES_ERROR;
				CLANG_WARN_DOCUMENTATION_COMMENTS = YES;
				CLANG_WARN_EMPTY_BODY = YES;
				CLANG_WARN_ENUM_CONVERSION = YES;
				CLANG_WARN_INFINITE_RECURSION = YES;
				CLANG_WARN_INT_CONVERSION = YES;
				CLANG_WARN_NON_LITERAL_NULL_CONVERSION = YES;
				CLANG_WARN_OBJC_IMPLICIT_RETAIN_SELF = YES;
				CLANG_WARN_OBJC_LITERAL_CONVERSION = YES;
				CLANG_WARN_OBJC_ROOT_CLASS = YES_ERROR;
				CLANG_WARN_QUOTED_INCLUDE_IN_FRAMEWORK_HEADER = YES;
				CLANG_WARN_RANGE_LOOP_ANALYSIS = YES;
				CLANG_WARN_STRICT_PROTOTYPES = YES;
				CLANG_WARN_SUSPICIOUS_MOVE = YES;
				CLANG_WARN_UNGUARDED_AVAILABILITY = YES_AGGRESSIVE;
				CLANG_WARN_UNREACHABLE_CODE = YES;
				CLANG_WARN__DUPLICATE_METHOD_MATCH = YES;
				COPY_PHASE_STRIP = NO;
				DEBUG_INFORMATION_FORMAT = dwarf;
				ENABLE_STRICT_OBJC_MSGSEND = YES;
				ENABLE_TESTABILITY = YES;
				GCC_C_LANGUAGE_STANDARD = gnu11;
				GCC_DYNAMIC_NO_PIC = NO;
				GCC_NO_COMMON_BLOCKS = YES;
				GCC_OPTIMIZATION_LEVEL = 0;
				GCC_PREPROCESSOR_DEFINITIONS = (
					"DEBUG=1",
					"$(inherited)",
				);
				GCC_WARN_64_TO_32_BIT_CONVERSION = YES;
				GCC_WARN_ABOUT_RETURN_TYPE = YES_ERROR;
				GCC_WARN_UNDECLARED_SELECTOR = YES;
				GCC_WARN_UNINITIALIZED_AUTOS = YES_AGGRESSIVE;
				GCC_WARN_UNUSED_FUNCTION = YES;
				GCC_WARN_UNUSED_VARIABLE = YES;
				IPHONEOS_DEPLOYMENT_TARGET = 14.3;
				MTL_ENABLE_DEBUG_INFO = INCLUDE_SOURCE;
				MTL_FAST_MATH = YES;
				ONLY_ACTIVE_ARCH = YES;
				SDKROOT = iphoneos;
				SWIFT_ACTIVE_COMPILATION_CONDITIONS = DEBUG;
				SWIFT_OPTIMIZATION_LEVEL = "-Onone";
			};
			name = Debug;
		};
		C35D3C3825C3684300A4651C /* Release */ = {
			isa = XCBuildConfiguration;
			buildSettings = {
				ALWAYS_SEARCH_USER_PATHS = NO;
				CLANG_ANALYZER_NONNULL = YES;
				CLANG_ANALYZER_NUMBER_OBJECT_CONVERSION = YES_AGGRESSIVE;
				CLANG_CXX_LANGUAGE_STANDARD = "gnu++14";
				CLANG_CXX_LIBRARY = "libc++";
				CLANG_ENABLE_MODULES = YES;
				CLANG_ENABLE_OBJC_ARC = YES;
				CLANG_ENABLE_OBJC_WEAK = YES;
				CLANG_WARN_BLOCK_CAPTURE_AUTORELEASING = YES;
				CLANG_WARN_BOOL_CONVERSION = YES;
				CLANG_WARN_COMMA = YES;
				CLANG_WARN_CONSTANT_CONVERSION = YES;
				CLANG_WARN_DEPRECATED_OBJC_IMPLEMENTATIONS = YES;
				CLANG_WARN_DIRECT_OBJC_ISA_USAGE = YES_ERROR;
				CLANG_WARN_DOCUMENTATION_COMMENTS = YES;
				CLANG_WARN_EMPTY_BODY = YES;
				CLANG_WARN_ENUM_CONVERSION = YES;
				CLANG_WARN_INFINITE_RECURSION = YES;
				CLANG_WARN_INT_CONVERSION = YES;
				CLANG_WARN_NON_LITERAL_NULL_CONVERSION = YES;
				CLANG_WARN_OBJC_IMPLICIT_RETAIN_SELF = YES;
				CLANG_WARN_OBJC_LITERAL_CONVERSION = YES;
				CLANG_WARN_OBJC_ROOT_CLASS = YES_ERROR;
				CLANG_WARN_QUOTED_INCLUDE_IN_FRAMEWORK_HEADER = YES;
				CLANG_WARN_RANGE_LOOP_ANALYSIS = YES;
				CLANG_WARN_STRICT_PROTOTYPES = YES;
				CLANG_WARN_SUSPICIOUS_MOVE = YES;
				CLANG_WARN_UNGUARDED_AVAILABILITY = YES_AGGRESSIVE;
				CLANG_WARN_UNREACHABLE_CODE = YES;
				CLANG_WARN__DUPLICATE_METHOD_MATCH = YES;
				COPY_PHASE_STRIP = NO;
				DEBUG_INFORMATION_FORMAT = "dwarf-with-dsym";
				ENABLE_NS_ASSERTIONS = NO;
				ENABLE_STRICT_OBJC_MSGSEND = YES;
				GCC_C_LANGUAGE_STANDARD = gnu11;
				GCC_NO_COMMON_BLOCKS = YES;
				GCC_WARN_64_TO_32_BIT_CONVERSION = YES;
				GCC_WARN_ABOUT_RETURN_TYPE = YES_ERROR;
				GCC_WARN_UNDECLARED_SELECTOR = YES;
				GCC_WARN_UNINITIALIZED_AUTOS = YES_AGGRESSIVE;
				GCC_WARN_UNUSED_FUNCTION = YES;
				GCC_WARN_UNUSED_VARIABLE = YES;
				IPHONEOS_DEPLOYMENT_TARGET = 14.3;
				MTL_ENABLE_DEBUG_INFO = NO;
				MTL_FAST_MATH = YES;
				SDKROOT = iphoneos;
				SWIFT_COMPILATION_MODE = wholemodule;
				SWIFT_OPTIMIZATION_LEVEL = "-O";
				VALIDATE_PRODUCT = YES;
			};
			name = Release;
		};
		C35D3C3A25C3684300A4651C /* Debug */ = {
			isa = XCBuildConfiguration;
			baseConfigurationReference = 2C59E76F0CACEF1FA64C58BF /* Pods-BackTest.debug.xcconfig */;
			buildSettings = {
				ASSETCATALOG_COMPILER_APPICON_NAME = AppIcon;
				ASSETCATALOG_COMPILER_GLOBAL_ACCENT_COLOR_NAME = AccentColor;
				CODE_SIGN_STYLE = Automatic;
				DEVELOPMENT_TEAM = 9P2Q9LCYN9;
				INFOPLIST_FILE = BackTest/Info.plist;
				IPHONEOS_DEPLOYMENT_TARGET = 14.1;
				LD_RUNPATH_SEARCH_PATHS = (
					"$(inherited)",
					"@executable_path/Frameworks",
				);
				PRODUCT_BUNDLE_IDENTIFIER = nickpuchko.BackTest;
				PRODUCT_NAME = "$(TARGET_NAME)";
				SWIFT_VERSION = 5.0;
				TARGETED_DEVICE_FAMILY = "1,2";
			};
			name = Debug;
		};
		C35D3C3B25C3684300A4651C /* Release */ = {
			isa = XCBuildConfiguration;
			baseConfigurationReference = 7AB4D3577BFE4D3B7D786194 /* Pods-BackTest.release.xcconfig */;
			buildSettings = {
				ASSETCATALOG_COMPILER_APPICON_NAME = AppIcon;
				ASSETCATALOG_COMPILER_GLOBAL_ACCENT_COLOR_NAME = AccentColor;
				CODE_SIGN_STYLE = Automatic;
				DEVELOPMENT_TEAM = 9P2Q9LCYN9;
				INFOPLIST_FILE = BackTest/Info.plist;
				IPHONEOS_DEPLOYMENT_TARGET = 14.1;
				LD_RUNPATH_SEARCH_PATHS = (
					"$(inherited)",
					"@executable_path/Frameworks",
				);
				PRODUCT_BUNDLE_IDENTIFIER = nickpuchko.BackTest;
				PRODUCT_NAME = "$(TARGET_NAME)";
				SWIFT_VERSION = 5.0;
				TARGETED_DEVICE_FAMILY = "1,2";
			};
			name = Release;
		};
/* End XCBuildConfiguration section */

/* Begin XCConfigurationList section */
		C35D3C2025C3684200A4651C /* Build configuration list for PBXProject "BackTest" */ = {
			isa = XCConfigurationList;
			buildConfigurations = (
				C35D3C3725C3684300A4651C /* Debug */,
				C35D3C3825C3684300A4651C /* Release */,
			);
			defaultConfigurationIsVisible = 0;
			defaultConfigurationName = Release;
		};
		C35D3C3925C3684300A4651C /* Build configuration list for PBXNativeTarget "BackTest" */ = {
			isa = XCConfigurationList;
			buildConfigurations = (
				C35D3C3A25C3684300A4651C /* Debug */,
				C35D3C3B25C3684300A4651C /* Release */,
			);
			defaultConfigurationIsVisible = 0;
			defaultConfigurationName = Release;
		};
/* End XCConfigurationList section */
	};
	rootObject = C35D3C1D25C3684200A4651C /* Project object */;
}
